
Microsoft Visual Studio Solution File, Format Version 12.00
# Visual Studio 15
VisualStudioVersion = 15.0.28307.136
MinimumVisualStudioVersion = 10.0.40219.1
Project("{8BC9CEB8-8B4A-11D0-8D11-00A0C91BC942}") = "laba8", "laba8\laba8.vcxproj", "{9A3EB8B1-3559-4D42-A1C8-2D276E4D5374}"
EndProject
Global
	GlobalSection(SolutionConfigurationPlatforms) = preSolution
		Debug|x64 = Debug|x64
		Debug|x86 = Debug|x86
		Release|x64 = Release|x64
		Release|x86 = Release|x86
	EndGlobalSection
	GlobalSection(ProjectConfigurationPlatforms) = postSolution
		{9A3EB8B1-3559-4D42-A1C8-2D276E4D5374}.Debug|x64.ActiveCfg = Debug|x64
		{9A3EB8B1-3559-4D42-A1C8-2D276E4D5374}.Debug|x64.Build.0 = Debug|x64
		{9A3EB8B1-3559-4D42-A1C8-2D276E4D5374}.Debug|x86.ActiveCfg = Debug|Win32
		{9A3EB8B1-3559-4D42-A1C8-2D276E4D5374}.Debug|x86.Build.0 = Debug|Win32
		{9A3EB8B1-3559-4D42-A1C8-2D276E4D5374}.Release|x64.ActiveCfg = Release|x64
		{9A3EB8B1-3559-4D42-A1C8-2D276E4D5374}.Release|x64.Build.0 = Release|x64
		{9A3EB8B1-3559-4D42-A1C8-2D276E4D5374}.Release|x86.ActiveCfg = Release|Win32
		{9A3EB8B1-3559-4D42-A1C8-2D276E4D5374}.Release|x86.Build.0 = Release|Win32
	EndGlobalSection
	GlobalSection(SolutionProperties) = preSolution
		HideSolutionNode = FALSE
	EndGlobalSection
	GlobalSection(ExtensibilityGlobals) = postSolution
		SolutionGuid = {42645541-5CA8-402C-927B-D7D3549DA8DA}
	EndGlobalSection
EndGlobal
